
Microsoft Visual Studio Solution File, Format Version 12.00
# Visual Studio Version 17
VisualStudioVersion = 17.5.33424.131
MinimumVisualStudioVersion = 10.0.40219.1
Project("{9A19103F-16F7-4668-BE54-9A1E7A4F7556}") = "lab-5x-Nyesteban", "lab-5x-Nyesteban.csproj", "{25664DD2-196E-4901-B461-740665FA294B}"
EndProject
Project("{E53339B2-1760-4266-BCC7-CA923CBCF16C}") = "docker-compose", "docker-compose.dcproj", "{787C5565-C2BD-44E3-AB63-9398085AF6DA}"
EndProject
Global
	GlobalSection(SolutionConfigurationPlatforms) = preSolution
		Debug|Any CPU = Debug|Any CPU
		Release|Any CPU = Release|Any CPU
	EndGlobalSection
	GlobalSection(ProjectConfigurationPlatforms) = postSolution
		{25664DD2-196E-4901-B461-740665FA294B}.Debug|Any CPU.ActiveCfg = Debug|Any CPU
		{25664DD2-196E-4901-B461-740665FA294B}.Debug|Any CPU.Build.0 = Debug|Any CPU
		{25664DD2-196E-4901-B461-740665FA294B}.Release|Any CPU.ActiveCfg = Release|Any CPU
		{25664DD2-196E-4901-B461-740665FA294B}.Release|Any CPU.Build.0 = Release|Any CPU
		{787C5565-C2BD-44E3-AB63-9398085AF6DA}.Debug|Any CPU.ActiveCfg = Debug|Any CPU
		{787C5565-C2BD-44E3-AB63-9398085AF6DA}.Debug|Any CPU.Build.0 = Debug|Any CPU
		{787C5565-C2BD-44E3-AB63-9398085AF6DA}.Release|Any CPU.ActiveCfg = Release|Any CPU
		{787C5565-C2BD-44E3-AB63-9398085AF6DA}.Release|Any CPU.Build.0 = Release|Any CPU
	EndGlobalSection
	GlobalSection(SolutionProperties) = preSolution
		HideSolutionNode = FALSE
	EndGlobalSection
	GlobalSection(ExtensibilityGlobals) = postSolution
		SolutionGuid = {8CE600AB-550C-469D-85B8-545E31D11427}
	EndGlobalSection
EndGlobal
